// !$*UTF8*$!
{
	archiveVersion = 1;
	classes = {
	};
	objectVersion = 50;
	objects = {

/* Begin PBXBuildFile section */
		ADAD61CB23F86D2F00958E92 /* AppDelegate.swift in Sources */ = {isa = PBXBuildFile; fileRef = ADAD61CA23F86D2F00958E92 /* AppDelegate.swift */; };
		ADAD61CD23F86D2F00958E92 /* SceneDelegate.swift in Sources */ = {isa = PBXBuildFile; fileRef = ADAD61CC23F86D2F00958E92 /* SceneDelegate.swift */; };
		ADAD61CF23F86D2F00958E92 /* ViewController.swift in Sources */ = {isa = PBXBuildFile; fileRef = ADAD61CE23F86D2F00958E92 /* ViewController.swift */; };
		ADAD61D223F86D2F00958E92 /* Main.storyboard in Resources */ = {isa = PBXBuildFile; fileRef = ADAD61D023F86D2F00958E92 /* Main.storyboard */; };
		ADAD61D423F86D3300958E92 /* Assets.xcassets in Resources */ = {isa = PBXBuildFile; fileRef = ADAD61D323F86D3300958E92 /* Assets.xcassets */; };
		ADAD61D723F86D3300958E92 /* LaunchScreen.storyboard in Resources */ = {isa = PBXBuildFile; fileRef = ADAD61D523F86D3300958E92 /* LaunchScreen.storyboard */; };
		ADAD61E223F86D3400958E92 /* FlashCardsTests.swift in Sources */ = {isa = PBXBuildFile; fileRef = ADAD61E123F86D3400958E92 /* FlashCardsTests.swift */; };
		ADAD61ED23F86D3400958E92 /* FlashCardsUITests.swift in Sources */ = {isa = PBXBuildFile; fileRef = ADAD61EC23F86D3400958E92 /* FlashCardsUITests.swift */; };
		ADB00BAD23FCFD2700A57C25 /* CreationViewController.swift in Sources */ = {isa = PBXBuildFile; fileRef = ADB00BAC23FCFD2700A57C25 /* CreationViewController.swift */; };
/* End PBXBuildFile section */

/* Begin PBXContainerItemProxy section */
		ADAD61DE23F86D3400958E92 /* PBXContainerItemProxy */ = {
			isa = PBXContainerItemProxy;
			containerPortal = ADAD61BF23F86D2F00958E92 /* Project object */;
			proxyType = 1;
			remoteGlobalIDString = ADAD61C623F86D2F00958E92;
			remoteInfo = FlashCards;
		};
		ADAD61E923F86D3400958E92 /* PBXContainerItemProxy */ = {
			isa = PBXContainerItemProxy;
			containerPortal = ADAD61BF23F86D2F00958E92 /* Project object */;
			proxyType = 1;
			remoteGlobalIDString = ADAD61C623F86D2F00958E92;
			remoteInfo = FlashCards;
		};
/* End PBXContainerItemProxy section */

/* Begin PBXFileReference section */
		ADAD61C723F86D2F00958E92 /* FlashCards.app */ = {isa = PBXFileReference; explicitFileType = wrapper.application; includeInIndex = 0; path = FlashCards.app; sourceTree = BUILT_PRODUCTS_DIR; };
		ADAD61CA23F86D2F00958E92 /* AppDelegate.swift */ = {isa = PBXFileReference; lastKnownFileType = sourcecode.swift; path = AppDelegate.swift; sourceTree = "<group>"; };
		ADAD61CC23F86D2F00958E92 /* SceneDelegate.swift */ = {isa = PBXFileReference; lastKnownFileType = sourcecode.swift; path = SceneDelegate.swift; sourceTree = "<group>"; };
		ADAD61CE23F86D2F00958E92 /* ViewController.swift */ = {isa = PBXFileReference; lastKnownFileType = sourcecode.swift; path = ViewController.swift; sourceTree = "<group>"; };
		ADAD61D123F86D2F00958E92 /* Base */ = {isa = PBXFileReference; lastKnownFileType = file.storyboard; name = Base; path = Base.lproj/Main.storyboard; sourceTree = "<group>"; };
		ADAD61D323F86D3300958E92 /* Assets.xcassets */ = {isa = PBXFileReference; lastKnownFileType = folder.assetcatalog; path = Assets.xcassets; sourceTree = "<group>"; };
		ADAD61D623F86D3300958E92 /* Base */ = {isa = PBXFileReference; lastKnownFileType = file.storyboard; name = Base; path = Base.lproj/LaunchScreen.storyboard; sourceTree = "<group>"; };
		ADAD61D823F86D3300958E92 /* Info.plist */ = {isa = PBXFileReference; lastKnownFileType = text.plist.xml; path = Info.plist; sourceTree = "<group>"; };
		ADAD61DD23F86D3400958E92 /* FlashCardsTests.xctest */ = {isa = PBXFileReference; explicitFileType = wrapper.cfbundle; includeInIndex = 0; path = FlashCardsTests.xctest; sourceTree = BUILT_PRODUCTS_DIR; };
		ADAD61E123F86D3400958E92 /* FlashCardsTests.swift */ = {isa = PBXFileReference; lastKnownFileType = sourcecode.swift; path = FlashCardsTests.swift; sourceTree = "<group>"; };
		ADAD61E323F86D3400958E92 /* Info.plist */ = {isa = PBXFileReference; lastKnownFileType = text.plist.xml; path = Info.plist; sourceTree = "<group>"; };
		ADAD61E823F86D3400958E92 /* FlashCardsUITests.xctest */ = {isa = PBXFileReference; explicitFileType = wrapper.cfbundle; includeInIndex = 0; path = FlashCardsUITests.xctest; sourceTree = BUILT_PRODUCTS_DIR; };
		ADAD61EC23F86D3400958E92 /* FlashCardsUITests.swift */ = {isa = PBXFileReference; lastKnownFileType = sourcecode.swift; path = FlashCardsUITests.swift; sourceTree = "<group>"; };
		ADAD61EE23F86D3400958E92 /* Info.plist */ = {isa = PBXFileReference; lastKnownFileType = text.plist.xml; path = Info.plist; sourceTree = "<group>"; };
		ADB00BAC23FCFD2700A57C25 /* CreationViewController.swift */ = {isa = PBXFileReference; lastKnownFileType = sourcecode.swift; path = CreationViewController.swift; sourceTree = "<group>"; };
/* End PBXFileReference section */

/* Begin PBXFrameworksBuildPhase section */
		ADAD61C423F86D2F00958E92 /* Frameworks */ = {
			isa = PBXFrameworksBuildPhase;
			buildActionMask = 2147483647;
			files = (
			);
			runOnlyForDeploymentPostprocessing = 0;
		};
		ADAD61DA23F86D3400958E92 /* Frameworks */ = {
			isa = PBXFrameworksBuildPhase;
			buildActionMask = 2147483647;
			files = (
			);
			runOnlyForDeploymentPostprocessing = 0;
		};
		ADAD61E523F86D3400958E92 /* Frameworks */ = {
			isa = PBXFrameworksBuildPhase;
			buildActionMask = 2147483647;
			files = (
			);
			runOnlyForDeploymentPostprocessing = 0;
		};
/* End PBXFrameworksBuildPhase section */

/* Begin PBXGroup section */
		ADAD61BE23F86D2F00958E92 = {
			isa = PBXGroup;
			children = (
				ADAD61C923F86D2F00958E92 /* FlashCards */,
				ADAD61E023F86D3400958E92 /* FlashCardsTests */,
				ADAD61EB23F86D3400958E92 /* FlashCardsUITests */,
				ADAD61C823F86D2F00958E92 /* Products */,
			);
			sourceTree = "<group>";
		};
		ADAD61C823F86D2F00958E92 /* Products */ = {
			isa = PBXGroup;
			children = (
				ADAD61C723F86D2F00958E92 /* FlashCards.app */,
				ADAD61DD23F86D3400958E92 /* FlashCardsTests.xctest */,
				ADAD61E823F86D3400958E92 /* FlashCardsUITests.xctest */,
			);
			name = Products;
			sourceTree = "<group>";
		};
		ADAD61C923F86D2F00958E92 /* FlashCards */ = {
			isa = PBXGroup;
			children = (
				ADAD61CA23F86D2F00958E92 /* AppDelegate.swift */,
				ADAD61CC23F86D2F00958E92 /* SceneDelegate.swift */,
				ADAD61CE23F86D2F00958E92 /* ViewController.swift */,
				ADAD61D023F86D2F00958E92 /* Main.storyboard */,
				ADB00BAC23FCFD2700A57C25 /* CreationViewController.swift */,
				ADAD61D323F86D3300958E92 /* Assets.xcassets */,
				ADAD61D523F86D3300958E92 /* LaunchScreen.storyboard */,
				ADAD61D823F86D3300958E92 /* Info.plist */,
			);
			path = FlashCards;
			sourceTree = "<group>";
		};
		ADAD61E023F86D3400958E92 /* FlashCardsTests */ = {
			isa = PBXGroup;
			children = (
				ADAD61E123F86D3400958E92 /* FlashCardsTests.swift */,
				ADAD61E323F86D3400958E92 /* Info.plist */,
			);
			path = FlashCardsTests;
			sourceTree = "<group>";
		};
		ADAD61EB23F86D3400958E92 /* FlashCardsUITests */ = {
			isa = PBXGroup;
			children = (
				ADAD61EC23F86D3400958E92 /* FlashCardsUITests.swift */,
				ADAD61EE23F86D3400958E92 /* Info.plist */,
			);
			path = FlashCardsUITests;
			sourceTree = "<group>";
		};
/* End PBXGroup section */

/* Begin PBXNativeTarget section */
		ADAD61C623F86D2F00958E92 /* FlashCards */ = {
			isa = PBXNativeTarget;
			buildConfigurationList = ADAD61F123F86D3400958E92 /* Build configuration list for PBXNativeTarget "FlashCards" */;
			buildPhases = (
				ADAD61C323F86D2F00958E92 /* Sources */,
				ADAD61C423F86D2F00958E92 /* Frameworks */,
				ADAD61C523F86D2F00958E92 /* Resources */,
			);
			buildRules = (
			);
			dependencies = (
			);
			name = FlashCards;
			productName = FlashCards;
			productReference = ADAD61C723F86D2F00958E92 /* FlashCards.app */;
			productType = "com.apple.product-type.application";
		};
		ADAD61DC23F86D3400958E92 /* FlashCardsTests */ = {
			isa = PBXNativeTarget;
			buildConfigurationList = ADAD61F423F86D3400958E92 /* Build configuration list for PBXNativeTarget "FlashCardsTests" */;
			buildPhases = (
				ADAD61D923F86D3400958E92 /* Sources */,
				ADAD61DA23F86D3400958E92 /* Frameworks */,
				ADAD61DB23F86D3400958E92 /* Resources */,
			);
			buildRules = (
			);
			dependencies = (
				ADAD61DF23F86D3400958E92 /* PBXTargetDependency */,
			);
			name = FlashCardsTests;
			productName = FlashCardsTests;
			productReference = ADAD61DD23F86D3400958E92 /* FlashCardsTests.xctest */;
			productType = "com.apple.product-type.bundle.unit-test";
		};
		ADAD61E723F86D3400958E92 /* FlashCardsUITests */ = {
			isa = PBXNativeTarget;
			buildConfigurationList = ADAD61F723F86D3400958E92 /* Build configuration list for PBXNativeTarget "FlashCardsUITests" */;
			buildPhases = (
				ADAD61E423F86D3400958E92 /* Sources */,
				ADAD61E523F86D3400958E92 /* Frameworks */,
				ADAD61E623F86D3400958E92 /* Resources */,
			);
			buildRules = (
			);
			dependencies = (
				ADAD61EA23F86D3400958E92 /* PBXTargetDependency */,
			);
			name = FlashCardsUITests;
			productName = FlashCardsUITests;
			productReference = ADAD61E823F86D3400958E92 /* FlashCardsUITests.xctest */;
			productType = "com.apple.product-type.bundle.ui-testing";
		};
/* End PBXNativeTarget section */

/* Begin PBXProject section */
		ADAD61BF23F86D2F00958E92 /* Project object */ = {
			isa = PBXProject;
			attributes = {
				LastSwiftUpdateCheck = 1130;
				LastUpgradeCheck = 1130;
				ORGANIZATIONNAME = "Clare Heinbaugh";
				TargetAttributes = {
					ADAD61C623F86D2F00958E92 = {
						CreatedOnToolsVersion = 11.3;
					};
					ADAD61DC23F86D3400958E92 = {
						CreatedOnToolsVersion = 11.3;
						TestTargetID = ADAD61C623F86D2F00958E92;
					};
					ADAD61E723F86D3400958E92 = {
						CreatedOnToolsVersion = 11.3;
						TestTargetID = ADAD61C623F86D2F00958E92;
					};
				};
			};
			buildConfigurationList = ADAD61C223F86D2F00958E92 /* Build configuration list for PBXProject "FlashCards" */;
			compatibilityVersion = "Xcode 9.3";
			developmentRegion = en;
			hasScannedForEncodings = 0;
			knownRegions = (
				en,
				Base,
			);
			mainGroup = ADAD61BE23F86D2F00958E92;
			productRefGroup = ADAD61C823F86D2F00958E92 /* Products */;
			projectDirPath = "";
			projectRoot = "";
			targets = (
				ADAD61C623F86D2F00958E92 /* FlashCards */,
				ADAD61DC23F86D3400958E92 /* FlashCardsTests */,
				ADAD61E723F86D3400958E92 /* FlashCardsUITests */,
			);
		};
/* End PBXProject section */

/* Begin PBXResourcesBuildPhase section */
		ADAD61C523F86D2F00958E92 /* Resources */ = {
			isa = PBXResourcesBuildPhase;
			buildActionMask = 2147483647;
			files = (
				ADAD61D723F86D3300958E92 /* LaunchScreen.storyboard in Resources */,
				ADAD61D423F86D3300958E92 /* Assets.xcassets in Resources */,
				ADAD61D223F86D2F00958E92 /* Main.storyboard in Resources */,
			);
			runOnlyForDeploymentPostprocessing = 0;
		};
		ADAD61DB23F86D3400958E92 /* Resources */ = {
			isa = PBXResourcesBuildPhase;
			buildActionMask = 2147483647;
			files = (
			);
			runOnlyForDeploymentPostprocessing = 0;
		};
		ADAD61E623F86D3400958E92 /* Resources */ = {
			isa = PBXResourcesBuildPhase;
			buildActionMask = 2147483647;
			files = (
			);
			runOnlyForDeploymentPostprocessing = 0;
		};
/* End PBXResourcesBuildPhase section */

/* Begin PBXSourcesBuildPhase section */
		ADAD61C323F86D2F00958E92 /* Sources */ = {
			isa = PBXSourcesBuildPhase;
			buildActionMask = 2147483647;
			files = (
				ADAD61CF23F86D2F00958E92 /* ViewController.swift in Sources */,
				ADAD61CB23F86D2F00958E92 /* AppDelegate.swift in Sources */,
				ADAD61CD23F86D2F00958E92 /* SceneDelegate.swift in Sources */,
				ADB00BAD23FCFD2700A57C25 /* CreationViewController.swift in Sources */,
			);
			runOnlyForDeploymentPostprocessing = 0;
		};
		ADAD61D923F86D3400958E92 /* Sources */ = {
			isa = PBXSourcesBuildPhase;
			buildActionMask = 2147483647;
			files = (
				ADAD61E223F86D3400958E92 /* FlashCardsTests.swift in Sources */,
			);
			runOnlyForDeploymentPostprocessing = 0;
		};
		ADAD61E423F86D3400958E92 /* Sources */ = {
			isa = PBXSourcesBuildPhase;
			buildActionMask = 2147483647;
			files = (
				ADAD61ED23F86D3400958E92 /* FlashCardsUITests.swift in Sources */,
			);
			runOnlyForDeploymentPostprocessing = 0;
		};
/* End PBXSourcesBuildPhase section */

/* Begin PBXTargetDependency section */
		ADAD61DF23F86D3400958E92 /* PBXTargetDependency */ = {
			isa = PBXTargetDependency;
			target = ADAD61C623F86D2F00958E92 /* FlashCards */;
			targetProxy = ADAD61DE23F86D3400958E92 /* PBXContainerItemProxy */;
		};
		ADAD61EA23F86D3400958E92 /* PBXTargetDependency */ = {
			isa = PBXTargetDependency;
			target = ADAD61C623F86D2F00958E92 /* FlashCards */;
			targetProxy = ADAD61E923F86D3400958E92 /* PBXContainerItemProxy */;
		};
/* End PBXTargetDependency section */

/* Begin PBXVariantGroup section */
		ADAD61D023F86D2F00958E92 /* Main.storyboard */ = {
			isa = PBXVariantGroup;
			children = (
				ADAD61D123F86D2F00958E92 /* Base */,
			);
			name = Main.storyboard;
			sourceTree = "<group>";
		};
		ADAD61D523F86D3300958E92 /* LaunchScreen.storyboard */ = {
			isa = PBXVariantGroup;
			children = (
				ADAD61D623F86D3300958E92 /* Base */,
			);
			name = LaunchScreen.storyboard;
			sourceTree = "<group>";
		};
/* End PBXVariantGroup section */

/* Begin XCBuildConfiguration section */
		ADAD61EF23F86D3400958E92 /* Debug */ = {
			isa = XCBuildConfiguration;
			buildSettings = {
				ALWAYS_SEARCH_USER_PATHS = NO;
				CLANG_ANALYZER_NONNULL = YES;
				CLANG_ANALYZER_NUMBER_OBJECT_CONVERSION = YES_AGGRESSIVE;
				CLANG_CXX_LANGUAGE_STANDARD = "gnu++14";
				CLANG_CXX_LIBRARY = "libc++";
				CLANG_ENABLE_MODULES = YES;
				CLANG_ENABLE_OBJC_ARC = YES;
				CLANG_ENABLE_OBJC_WEAK = YES;
				CLANG_WARN_BLOCK_CAPTURE_AUTORELEASING = YES;
				CLANG_WARN_BOOL_CONVERSION = YES;
				CLANG_WARN_COMMA = YES;
				CLANG_WARN_CONSTANT_CONVERSION = YES;
				CLANG_WARN_DEPRECATED_OBJC_IMPLEMENTATIONS = YES;
				CLANG_WARN_DIRECT_OBJC_ISA_USAGE = YES_ERROR;
				CLANG_WARN_DOCUMENTATION_COMMENTS = YES;
				CLANG_WARN_EMPTY_BODY = YES;
				CLANG_WARN_ENUM_CONVERSION = YES;
				CLANG_WARN_INFINITE_RECURSION = YES;
				CLANG_WARN_INT_CONVERSION = YES;
				CLANG_WARN_NON_LITERAL_NULL_CONVERSION = YES;
				CLANG_WARN_OBJC_IMPLICIT_RETAIN_SELF = YES;
				CLANG_WARN_OBJC_LITERAL_CONVERSION = YES;
				CLANG_WARN_OBJC_ROOT_CLASS = YES_ERROR;
				CLANG_WARN_RANGE_LOOP_ANALYSIS = YES;
				CLANG_WARN_STRICT_PROTOTYPES = YES;
				CLANG_WARN_SUSPICIOUS_MOVE = YES;
				CLANG_WARN_UNGUARDED_AVAILABILITY = YES_AGGRESSIVE;
				CLANG_WARN_UNREACHABLE_CODE = YES;
				CLANG_WARN__DUPLICATE_METHOD_MATCH = YES;
				COPY_PHASE_STRIP = NO;
				DEBUG_INFORMATION_FORMAT = dwarf;
				ENABLE_STRICT_OBJC_MSGSEND = YES;
				ENABLE_TESTABILITY = YES;
				GCC_C_LANGUAGE_STANDARD = gnu11;
				GCC_DYNAMIC_NO_PIC = NO;
				GCC_NO_COMMON_BLOCKS = YES;
				GCC_OPTIMIZATION_LEVEL = 0;
				GCC_PREPROCESSOR_DEFINITIONS = (
					"DEBUG=1",
					"$(inherited)",
				);
				GCC_WARN_64_TO_32_BIT_CONVERSION = YES;
				GCC_WARN_ABOUT_RETURN_TYPE = YES_ERROR;
				GCC_WARN_UNDECLARED_SELECTOR = YES;
				GCC_WARN_UNINITIALIZED_AUTOS = YES_AGGRESSIVE;
				GCC_WARN_UNUSED_FUNCTION = YES;
				GCC_WARN_UNUSED_VARIABLE = YES;
				IPHONEOS_DEPLOYMENT_TARGET = 13.2;
				MTL_ENABLE_DEBUG_INFO = INCLUDE_SOURCE;
				MTL_FAST_MATH = YES;
				ONLY_ACTIVE_ARCH = YES;
				SDKROOT = iphoneos;
				SWIFT_ACTIVE_COMPILATION_CONDITIONS = DEBUG;
				SWIFT_OPTIMIZATION_LEVEL = "-Onone";
			};
			name = Debug;
		};
		ADAD61F023F86D3400958E92 /* Release */ = {
			isa = XCBuildConfiguration;
			buildSettings = {
				ALWAYS_SEARCH_USER_PATHS = NO;
				CLANG_ANALYZER_NONNULL = YES;
				CLANG_ANALYZER_NUMBER_OBJECT_CONVERSION = YES_AGGRESSIVE;
				CLANG_CXX_LANGUAGE_STANDARD = "gnu++14";
				CLANG_CXX_LIBRARY = "libc++";
				CLANG_ENABLE_MODULES = YES;
				CLANG_ENABLE_OBJC_ARC = YES;
				CLANG_ENABLE_OBJC_WEAK = YES;
				CLANG_WARN_BLOCK_CAPTURE_AUTORELEASING = YES;
				CLANG_WARN_BOOL_CONVERSION = YES;
				CLANG_WARN_COMMA = YES;
				CLANG_WARN_CONSTANT_CONVERSION = YES;
				CLANG_WARN_DEPRECATED_OBJC_IMPLEMENTATIONS = YES;
				CLANG_WARN_DIRECT_OBJC_ISA_USAGE = YES_ERROR;
				CLANG_WARN_DOCUMENTATION_COMMENTS = YES;
				CLANG_WARN_EMPTY_BODY = YES;
				CLANG_WARN_ENUM_CONVERSION = YES;
				CLANG_WARN_INFINITE_RECURSION = YES;
				CLANG_WARN_INT_CONVERSION = YES;
				CLANG_WARN_NON_LITERAL_NULL_CONVERSION = YES;
				CLANG_WARN_OBJC_IMPLICIT_RETAIN_SELF = YES;
				CLANG_WARN_OBJC_LITERAL_CONVERSION = YES;
				CLANG_WARN_OBJC_ROOT_CLASS = YES_ERROR;
				CLANG_WARN_RANGE_LOOP_ANALYSIS = YES;
				CLANG_WARN_STRICT_PROTOTYPES = YES;
				CLANG_WARN_SUSPICIOUS_MOVE = YES;
				CLANG_WARN_UNGUARDED_AVAILABILITY = YES_AGGRESSIVE;
				CLANG_WARN_UNREACHABLE_CODE = YES;
				CLANG_WARN__DUPLICATE_METHOD_MATCH = YES;
				COPY_PHASE_STRIP = NO;
				DEBUG_INFORMATION_FORMAT = "dwarf-with-dsym";
				ENABLE_NS_ASSERTIONS = NO;
				ENABLE_STRICT_OBJC_MSGSEND = YES;
				GCC_C_LANGUAGE_STANDARD = gnu11;
				GCC_NO_COMMON_BLOCKS = YES;
				GCC_WARN_64_TO_32_BIT_CONVERSION = YES;
				GCC_WARN_ABOUT_RETURN_TYPE = YES_ERROR;
				GCC_WARN_UNDECLARED_SELECTOR = YES;
				GCC_WARN_UNINITIALIZED_AUTOS = YES_AGGRESSIVE;
				GCC_WARN_UNUSED_FUNCTION = YES;
				GCC_WARN_UNUSED_VARIABLE = YES;
				IPHONEOS_DEPLOYMENT_TARGET = 13.2;
				MTL_ENABLE_DEBUG_INFO = NO;
				MTL_FAST_MATH = YES;
				SDKROOT = iphoneos;
				SWIFT_COMPILATION_MODE = wholemodule;
				SWIFT_OPTIMIZATION_LEVEL = "-O";
				VALIDATE_PRODUCT = YES;
			};
			name = Release;
		};
		ADAD61F223F86D3400958E92 /* Debug */ = {
			isa = XCBuildConfiguration;
			buildSettings = {
				ASSETCATALOG_COMPILER_APPICON_NAME = AppIcon;
				CODE_SIGN_STYLE = Automatic;
				DEVELOPMENT_TEAM = JK36N2X29V;
				INFOPLIST_FILE = FlashCards/Info.plist;
				LD_RUNPATH_SEARCH_PATHS = (
					"$(inherited)",
					"@executable_path/Frameworks",
				);
				PRODUCT_BUNDLE_IDENTIFIER = heinbaugh.FlashCards;
				PRODUCT_NAME = "$(TARGET_NAME)";
				SWIFT_VERSION = 5.0;
				TARGETED_DEVICE_FAMILY = "1,2";
			};
			name = Debug;
		};
		ADAD61F323F86D3400958E92 /* Release */ = {
			isa = XCBuildConfiguration;
			buildSettings = {
				ASSETCATALOG_COMPILER_APPICON_NAME = AppIcon;
				CODE_SIGN_STYLE = Automatic;
				DEVELOPMENT_TEAM = JK36N2X29V;
				INFOPLIST_FILE = FlashCards/Info.plist;
				LD_RUNPATH_SEARCH_PATHS = (
					"$(inherited)",
					"@executable_path/Frameworks",
				);
				PRODUCT_BUNDLE_IDENTIFIER = heinbaugh.FlashCards;
				PRODUCT_NAME = "$(TARGET_NAME)";
				SWIFT_VERSION = 5.0;
				TARGETED_DEVICE_FAMILY = "1,2";
			};
			name = Release;
		};
		ADAD61F523F86D3400958E92 /* Debug */ = {
			isa = XCBuildConfiguration;
			buildSettings = {
				ALWAYS_EMBED_SWIFT_STANDARD_LIBRARIES = YES;
				BUNDLE_LOADER = "$(TEST_HOST)";
				CODE_SIGN_STYLE = Automatic;
				DEVELOPMENT_TEAM = JK36N2X29V;
				INFOPLIST_FILE = FlashCardsTests/Info.plist;
				IPHONEOS_DEPLOYMENT_TARGET = 13.2;
				LD_RUNPATH_SEARCH_PATHS = (
					"$(inherited)",
					"@executable_path/Frameworks",
					"@loader_path/Frameworks",
				);
				PRODUCT_BUNDLE_IDENTIFIER = heinbaugh.FlashCardsTests;
				PRODUCT_NAME = "$(TARGET_NAME)";
				SWIFT_VERSION = 5.0;
				TARGETED_DEVICE_FAMILY = "1,2";
				TEST_HOST = "$(BUILT_PRODUCTS_DIR)/FlashCards.app/FlashCards";
			};
			name = Debug;
		};
		ADAD61F623F86D3400958E92 /* Release */ = {
			isa = XCBuildConfiguration;
			buildSettings = {
				ALWAYS_EMBED_SWIFT_STANDARD_LIBRARIES = YES;
				BUNDLE_LOADER = "$(TEST_HOST)";
				CODE_SIGN_STYLE = Automatic;
				DEVELOPMENT_TEAM = JK36N2X29V;
				INFOPLIST_FILE = FlashCardsTests/Info.plist;
				IPHONEOS_DEPLOYMENT_TARGET = 13.2;
				LD_RUNPATH_SEARCH_PATHS = (
					"$(inherited)",
					"@executable_path/Frameworks",
					"@loader_path/Frameworks",
				);
				PRODUCT_BUNDLE_IDENTIFIER = heinbaugh.FlashCardsTests;
				PRODUCT_NAME = "$(TARGET_NAME)";
				SWIFT_VERSION = 5.0;
				TARGETED_DEVICE_FAMILY = "1,2";
				TEST_HOST = "$(BUILT_PRODUCTS_DIR)/FlashCards.app/FlashCards";
			};
			name = Release;
		};
		ADAD61F823F86D3400958E92 /* Debug */ = {
			isa = XCBuildConfiguration;
			buildSettings = {
				ALWAYS_EMBED_SWIFT_STANDARD_LIBRARIES = YES;
				CODE_SIGN_STYLE = Automatic;
				INFOPLIST_FILE = FlashCardsUITests/Info.plist;
				LD_RUNPATH_SEARCH_PATHS = (
					"$(inherited)",
					"@executable_path/Frameworks",
					"@loader_path/Frameworks",
				);
				PRODUCT_BUNDLE_IDENTIFIER = heinbaugh.FlashCardsUITests;
				PRODUCT_NAME = "$(TARGET_NAME)";
				SWIFT_VERSION = 5.0;
				TARGETED_DEVICE_FAMILY = "1,2";
				TEST_TARGET_NAME = FlashCards;
			};
			name = Debug;
		};
		ADAD61F923F86D3400958E92 /* Release */ = {
			isa = XCBuildConfiguration;
			buildSettings = {
				ALWAYS_EMBED_SWIFT_STANDARD_LIBRARIES = YES;
				CODE_SIGN_STYLE = Automatic;
				INFOPLIST_FILE = FlashCardsUITests/Info.plist;
				LD_RUNPATH_SEARCH_PATHS = (
					"$(inherited)",
					"@executable_path/Frameworks",
					"@loader_path/Frameworks",
				);
				PRODUCT_BUNDLE_IDENTIFIER = heinbaugh.FlashCardsUITests;
				PRODUCT_NAME = "$(TARGET_NAME)";
				SWIFT_VERSION = 5.0;
				TARGETED_DEVICE_FAMILY = "1,2";
				TEST_TARGET_NAME = FlashCards;
			};
			name = Release;
		};
/* End XCBuildConfiguration section */

/* Begin XCConfigurationList section */
		ADAD61C223F86D2F00958E92 /* Build configuration list for PBXProject "FlashCards" */ = {
			isa = XCConfigurationList;
			buildConfigurations = (
				ADAD61EF23F86D3400958E92 /* Debug */,
				ADAD61F023F86D3400958E92 /* Release */,
			);
			defaultConfigurationIsVisible = 0;
			defaultConfigurationName = Release;
		};
		ADAD61F123F86D3400958E92 /* Build configuration list for PBXNativeTarget "FlashCards" */ = {
			isa = XCConfigurationList;
			buildConfigurations = (
				ADAD61F223F86D3400958E92 /* Debug */,
				ADAD61F323F86D3400958E92 /* Release */,
			);
			defaultConfigurationIsVisible = 0;
			defaultConfigurationName = Release;
		};
		ADAD61F423F86D3400958E92 /* Build configuration list for PBXNativeTarget "FlashCardsTests" */ = {
			isa = XCConfigurationList;
			buildConfigurations = (
				ADAD61F523F86D3400958E92 /* Debug */,
				ADAD61F623F86D3400958E92 /* Release */,
			);
			defaultConfigurationIsVisible = 0;
			defaultConfigurationName = Release;
		};
		ADAD61F723F86D3400958E92 /* Build configuration list for PBXNativeTarget "FlashCardsUITests" */ = {
			isa = XCConfigurationList;
			buildConfigurations = (
				ADAD61F823F86D3400958E92 /* Debug */,
				ADAD61F923F86D3400958E92 /* Release */,
			);
			defaultConfigurationIsVisible = 0;
			defaultConfigurationName = Release;
		};
/* End XCConfigurationList section */
	};
	rootObject = ADAD61BF23F86D2F00958E92 /* Project object */;
}
